
Microsoft Visual Studio Solution File, Format Version 12.00
# Visual Studio 15
VisualStudioVersion = 15.0.28307.329
MinimumVisualStudioVersion = 10.0.40219.1
Project("{FAE04EC0-301F-11D3-BF4B-00C04F79EFBC}") = "RandomizerLib", "RandomizerLib\RandomizerLib.csproj", "{9B0099AF-F87E-454F-A1ED-218AA37AC959}"
EndProject
Project("{FAE04EC0-301F-11D3-BF4B-00C04F79EFBC}") = "OverRandomUI", "OverRandom\OverRandomUI.csproj", "{6EF4F9B4-B7A4-49AB-B8AF-49F757BB4917}"
EndProject
Global
	GlobalSection(SolutionConfigurationPlatforms) = preSolution
		Debug|Any CPU = Debug|Any CPU
		Release|Any CPU = Release|Any CPU
	EndGlobalSection
	GlobalSection(ProjectConfigurationPlatforms) = postSolution
		{9B0099AF-F87E-454F-A1ED-218AA37AC959}.Debug|Any CPU.ActiveCfg = Debug|Any CPU
		{9B0099AF-F87E-454F-A1ED-218AA37AC959}.Debug|Any CPU.Build.0 = Debug|Any CPU
		{9B0099AF-F87E-454F-A1ED-218AA37AC959}.Release|Any CPU.ActiveCfg = Release|Any CPU
		{9B0099AF-F87E-454F-A1ED-218AA37AC959}.Release|Any CPU.Build.0 = Release|Any CPU
		{6EF4F9B4-B7A4-49AB-B8AF-49F757BB4917}.Debug|Any CPU.ActiveCfg = Debug|Any CPU
		{6EF4F9B4-B7A4-49AB-B8AF-49F757BB4917}.Debug|Any CPU.Build.0 = Debug|Any CPU
		{6EF4F9B4-B7A4-49AB-B8AF-49F757BB4917}.Release|Any CPU.ActiveCfg = Release|Any CPU
		{6EF4F9B4-B7A4-49AB-B8AF-49F757BB4917}.Release|Any CPU.Build.0 = Release|Any CPU
	EndGlobalSection
	GlobalSection(SolutionProperties) = preSolution
		HideSolutionNode = FALSE
	EndGlobalSection
	GlobalSection(ExtensibilityGlobals) = postSolution
		SolutionGuid = {79087C70-809D-4B8E-B042-265F99A1EC84}
	EndGlobalSection
EndGlobal
